
Microsoft Visual Studio Solution File, Format Version 12.00
# Visual Studio Version 16
VisualStudioVersion = 16.0.31624.102
MinimumVisualStudioVersion = 10.0.40219.1
Project("{FAE04EC0-301F-11D3-BF4B-00C04F79EFBC}") = "PruebaSoftcaribbean", "PruebaSoftcaribbean\PruebaSoftcaribbean.csproj", "{D63F82E2-CECE-4F37-A9E1-1BD893C8D759}"
EndProject
Project("{FAE04EC0-301F-11D3-BF4B-00C04F79EFBC}") = "Interfaces", "Interfaces\Interfaces.csproj", "{25E631FA-D824-4040-814E-776C011D55BB}"
EndProject
Project("{FAE04EC0-301F-11D3-BF4B-00C04F79EFBC}") = "Data", "Data\Data.csproj", "{DA29DB09-5ACB-41EA-8BDE-0968F850C447}"
EndProject
Project("{FAE04EC0-301F-11D3-BF4B-00C04F79EFBC}") = "Core", "Core\Core.csproj", "{C2967982-622F-4748-9C60-701FE635282E}"
EndProject
Project("{FAE04EC0-301F-11D3-BF4B-00C04F79EFBC}") = "Models", "Models\Models.csproj", "{A384D4DD-C720-40BB-A655-BE6DBF1776DB}"
EndProject
Global
	GlobalSection(SolutionConfigurationPlatforms) = preSolution
		Debug|Any CPU = Debug|Any CPU
		Release|Any CPU = Release|Any CPU
	EndGlobalSection
	GlobalSection(ProjectConfigurationPlatforms) = postSolution
		{D63F82E2-CECE-4F37-A9E1-1BD893C8D759}.Debug|Any CPU.ActiveCfg = Debug|Any CPU
		{D63F82E2-CECE-4F37-A9E1-1BD893C8D759}.Debug|Any CPU.Build.0 = Debug|Any CPU
		{D63F82E2-CECE-4F37-A9E1-1BD893C8D759}.Release|Any CPU.ActiveCfg = Release|Any CPU
		{D63F82E2-CECE-4F37-A9E1-1BD893C8D759}.Release|Any CPU.Build.0 = Release|Any CPU
		{25E631FA-D824-4040-814E-776C011D55BB}.Debug|Any CPU.ActiveCfg = Debug|Any CPU
		{25E631FA-D824-4040-814E-776C011D55BB}.Debug|Any CPU.Build.0 = Debug|Any CPU
		{25E631FA-D824-4040-814E-776C011D55BB}.Release|Any CPU.ActiveCfg = Release|Any CPU
		{25E631FA-D824-4040-814E-776C011D55BB}.Release|Any CPU.Build.0 = Release|Any CPU
		{DA29DB09-5ACB-41EA-8BDE-0968F850C447}.Debug|Any CPU.ActiveCfg = Debug|Any CPU
		{DA29DB09-5ACB-41EA-8BDE-0968F850C447}.Debug|Any CPU.Build.0 = Debug|Any CPU
		{DA29DB09-5ACB-41EA-8BDE-0968F850C447}.Release|Any CPU.ActiveCfg = Release|Any CPU
		{DA29DB09-5ACB-41EA-8BDE-0968F850C447}.Release|Any CPU.Build.0 = Release|Any CPU
		{C2967982-622F-4748-9C60-701FE635282E}.Debug|Any CPU.ActiveCfg = Debug|Any CPU
		{C2967982-622F-4748-9C60-701FE635282E}.Debug|Any CPU.Build.0 = Debug|Any CPU
		{C2967982-622F-4748-9C60-701FE635282E}.Release|Any CPU.ActiveCfg = Release|Any CPU
		{C2967982-622F-4748-9C60-701FE635282E}.Release|Any CPU.Build.0 = Release|Any CPU
		{A384D4DD-C720-40BB-A655-BE6DBF1776DB}.Debug|Any CPU.ActiveCfg = Debug|Any CPU
		{A384D4DD-C720-40BB-A655-BE6DBF1776DB}.Debug|Any CPU.Build.0 = Debug|Any CPU
		{A384D4DD-C720-40BB-A655-BE6DBF1776DB}.Release|Any CPU.ActiveCfg = Release|Any CPU
		{A384D4DD-C720-40BB-A655-BE6DBF1776DB}.Release|Any CPU.Build.0 = Release|Any CPU
	EndGlobalSection
	GlobalSection(SolutionProperties) = preSolution
		HideSolutionNode = FALSE
	EndGlobalSection
	GlobalSection(ExtensibilityGlobals) = postSolution
		SolutionGuid = {B881E579-341C-4805-B45D-BF2F9B8F20A1}
	EndGlobalSection
EndGlobal
